
Microsoft Visual Studio Solution File, Format Version 12.00
# Visual Studio Version 18
VisualStudioVersion = 18.3.11512.155
MinimumVisualStudioVersion = 10.0.40219.1
Project("{FAE04EC0-301F-11D3-BF4B-00C04F79EFBC}") = "CDS.Markdown", "CDS.Markdown\CDS.Markdown.csproj", "{6B4E1620-D89E-44E3-B817-FBC80FA16D79}"
EndProject
Project("{FAE04EC0-301F-11D3-BF4B-00C04F79EFBC}") = "Demo", "Demo\Demo.csproj", "{638905A3-C58A-402D-8DAF-6C05BED5EAC8}"
EndProject
Project("{2150E333-8FDC-42A3-9474-1A3956D46DE8}") = "Solution Items", "Solution Items", "{8EC462FD-D22E-90A8-E5CE-7E832BA40C5D}"
	ProjectSection(SolutionItems) = preProject
		.github\workflows\build-and-publish.yml = .github\workflows\build-and-publish.yml
		.github\workflows\build-and-test.yml = .github\workflows\build-and-test.yml
		.github\copilot-instructions.md = .github\copilot-instructions.md
		docs\creation.md = docs\creation.md
		Directory.Build.props = Directory.Build.props
		README.md = README.md
	EndProjectSection
EndProject
Project("{FAE04EC0-301F-11D3-BF4B-00C04F79EFBC}") = "UnitTests", "UnitTests\UnitTests.csproj", "{1D4731E4-9A3C-43EF-9F8A-EDB3DBB35128}"
EndProject
Project("{2150E333-8FDC-42A3-9474-1A3956D46DE8}") = "Docs", "Docs", "{B133004D-565A-424C-A48A-A5B64606B8B7}"
	ProjectSection(SolutionItems) = preProject
		docs\creation.md = docs\creation.md
		docs\viewer.md = docs\viewer.md
	EndProjectSection
EndProject
Global
	GlobalSection(SolutionConfigurationPlatforms) = preSolution
		Debug|Any CPU = Debug|Any CPU
		Debug|x64 = Debug|x64
		Debug|x86 = Debug|x86
		Release|Any CPU = Release|Any CPU
		Release|x64 = Release|x64
		Release|x86 = Release|x86
	EndGlobalSection
	GlobalSection(ProjectConfigurationPlatforms) = postSolution
		{6B4E1620-D89E-44E3-B817-FBC80FA16D79}.Debug|Any CPU.ActiveCfg = Debug|Any CPU
		{6B4E1620-D89E-44E3-B817-FBC80FA16D79}.Debug|Any CPU.Build.0 = Debug|Any CPU
		{6B4E1620-D89E-44E3-B817-FBC80FA16D79}.Debug|x64.ActiveCfg = Debug|Any CPU
		{6B4E1620-D89E-44E3-B817-FBC80FA16D79}.Debug|x64.Build.0 = Debug|Any CPU
		{6B4E1620-D89E-44E3-B817-FBC80FA16D79}.Debug|x86.ActiveCfg = Debug|Any CPU
		{6B4E1620-D89E-44E3-B817-FBC80FA16D79}.Debug|x86.Build.0 = Debug|Any CPU
		{6B4E1620-D89E-44E3-B817-FBC80FA16D79}.Release|Any CPU.ActiveCfg = Release|Any CPU
		{6B4E1620-D89E-44E3-B817-FBC80FA16D79}.Release|Any CPU.Build.0 = Release|Any CPU
		{6B4E1620-D89E-44E3-B817-FBC80FA16D79}.Release|x64.ActiveCfg = Release|Any CPU
		{6B4E1620-D89E-44E3-B817-FBC80FA16D79}.Release|x64.Build.0 = Release|Any CPU
		{6B4E1620-D89E-44E3-B817-FBC80FA16D79}.Release|x86.ActiveCfg = Release|Any CPU
		{6B4E1620-D89E-44E3-B817-FBC80FA16D79}.Release|x86.Build.0 = Release|Any CPU
		{638905A3-C58A-402D-8DAF-6C05BED5EAC8}.Debug|Any CPU.ActiveCfg = Debug|Any CPU
		{638905A3-C58A-402D-8DAF-6C05BED5EAC8}.Debug|Any CPU.Build.0 = Debug|Any CPU
		{638905A3-C58A-402D-8DAF-6C05BED5EAC8}.Debug|x64.ActiveCfg = Debug|Any CPU
		{638905A3-C58A-402D-8DAF-6C05BED5EAC8}.Debug|x64.Build.0 = Debug|Any CPU
		{638905A3-C58A-402D-8DAF-6C05BED5EAC8}.Debug|x86.ActiveCfg = Debug|Any CPU
		{638905A3-C58A-402D-8DAF-6C05BED5EAC8}.Debug|x86.Build.0 = Debug|Any CPU
		{638905A3-C58A-402D-8DAF-6C05BED5EAC8}.Release|Any CPU.ActiveCfg = Release|Any CPU
		{638905A3-C58A-402D-8DAF-6C05BED5EAC8}.Release|Any CPU.Build.0 = Release|Any CPU
		{638905A3-C58A-402D-8DAF-6C05BED5EAC8}.Release|x64.ActiveCfg = Release|Any CPU
		{638905A3-C58A-402D-8DAF-6C05BED5EAC8}.Release|x64.Build.0 = Release|Any CPU
		{638905A3-C58A-402D-8DAF-6C05BED5EAC8}.Release|x86.ActiveCfg = Release|Any CPU
		{638905A3-C58A-402D-8DAF-6C05BED5EAC8}.Release|x86.Build.0 = Release|Any CPU
		{1D4731E4-9A3C-43EF-9F8A-EDB3DBB35128}.Debug|Any CPU.ActiveCfg = Debug|Any CPU
		{1D4731E4-9A3C-43EF-9F8A-EDB3DBB35128}.Debug|Any CPU.Build.0 = Debug|Any CPU
		{1D4731E4-9A3C-43EF-9F8A-EDB3DBB35128}.Debug|x64.ActiveCfg = Debug|Any CPU
		{1D4731E4-9A3C-43EF-9F8A-EDB3DBB35128}.Debug|x64.Build.0 = Debug|Any CPU
		{1D4731E4-9A3C-43EF-9F8A-EDB3DBB35128}.Debug|x86.ActiveCfg = Debug|Any CPU
		{1D4731E4-9A3C-43EF-9F8A-EDB3DBB35128}.Debug|x86.Build.0 = Debug|Any CPU
		{1D4731E4-9A3C-43EF-9F8A-EDB3DBB35128}.Release|Any CPU.ActiveCfg = Release|Any CPU
		{1D4731E4-9A3C-43EF-9F8A-EDB3DBB35128}.Release|Any CPU.Build.0 = Release|Any CPU
		{1D4731E4-9A3C-43EF-9F8A-EDB3DBB35128}.Release|x64.ActiveCfg = Release|Any CPU
		{1D4731E4-9A3C-43EF-9F8A-EDB3DBB35128}.Release|x64.Build.0 = Release|Any CPU
		{1D4731E4-9A3C-43EF-9F8A-EDB3DBB35128}.Release|x86.ActiveCfg = Release|Any CPU
		{1D4731E4-9A3C-43EF-9F8A-EDB3DBB35128}.Release|x86.Build.0 = Release|Any CPU
	EndGlobalSection
	GlobalSection(SolutionProperties) = preSolution
		HideSolutionNode = FALSE
	EndGlobalSection
	GlobalSection(NestedProjects) = preSolution
		{B133004D-565A-424C-A48A-A5B64606B8B7} = {8EC462FD-D22E-90A8-E5CE-7E832BA40C5D}
	EndGlobalSection
	GlobalSection(ExtensibilityGlobals) = postSolution
		SolutionGuid = {21A27A3D-DD0B-483D-B859-5F1D3C915CE7}
	EndGlobalSection
EndGlobal
